
Microsoft Visual Studio Solution File, Format Version 12.00
# Visual Studio Version 17
VisualStudioVersion = 17.9.34622.214
MinimumVisualStudioVersion = 10.0.40219.1
Project("{FAE04EC0-301F-11D3-BF4B-00C04F79EFBC}") = "Graficzna", "Graficzna.csproj", "{2F2EB22D-C682-410D-908C-043EEFBD5537}"
EndProject
Global
	GlobalSection(SolutionConfigurationPlatforms) = preSolution
		Debug|Any CPU = Debug|Any CPU
		Release|Any CPU = Release|Any CPU
	EndGlobalSection
	GlobalSection(ProjectConfigurationPlatforms) = postSolution
		{2F2EB22D-C682-410D-908C-043EEFBD5537}.Debug|Any CPU.ActiveCfg = Debug|Any CPU
		{2F2EB22D-C682-410D-908C-043EEFBD5537}.Debug|Any CPU.Build.0 = Debug|Any CPU
		{2F2EB22D-C682-410D-908C-043EEFBD5537}.Release|Any CPU.ActiveCfg = Release|Any CPU
		{2F2EB22D-C682-410D-908C-043EEFBD5537}.Release|Any CPU.Build.0 = Release|Any CPU
	EndGlobalSection
	GlobalSection(SolutionProperties) = preSolution
		HideSolutionNode = FALSE
	EndGlobalSection
	GlobalSection(ExtensibilityGlobals) = postSolution
		SolutionGuid = {BEBB8D60-E0EA-4EB3-9305-6CA10190F800}
	EndGlobalSection
EndGlobal
